{
    "hash": "9a344eb0272910c34a6b8c5272d6e7fd",
    "packages": [
        {
            "name": "jevon-phd/html2text",
            "version": "dev-master",
            "dist": {
                "type": "file",
                "url": "http://iaml.googlecode.com/svn/trunk/org.openiaml.model.runtime/src/include/html2text/html2text.php",
                "reference": "master",
                "shasum": null
            },
            "type": "library",
            "installation-source": "dist"
        },
        {
            "name": "nickcernis/html2markdown",
            "version": "1.0.1",
            "source": {
                "type": "git",
                "url": "https://github.com/nickcernis/html2markdown.git",
                "reference": "master"
            },
            "dist": {
                "type": "zip",
                "url": "https://github.com/nickcernis/html2markdown/archive/master.zip",
                "reference": null,
                "shasum": null
            },
            "type": "library",
            "installation-source": "source"
        },
        {
            "name": "smarty/smarty",
            "version": "3.1.12",
            "source": {
                "type": "svn",
                "url": "http://smarty-php.googlecode.com/svn/",
                "reference": "tags/Smarty_3_1_12/distribution/"
            },
            "dist": {
                "type": "zip",
                "url": "http://www.smarty.net/files/Smarty-3.1.12.zip",
                "reference": null,
                "shasum": null
            },
            "type": "library",
            "installation-source": "dist",
            "autoload": {
                "classmap": [
                    "libs/"
                ]
            }
        }
    ],
    "packages-dev": null,
    "aliases": [

    ],
    "minimum-stability": "stable",
    "stability-flags": {
        "jevon-phd/html2text": 20
    }
}
